--- 
dependencies: 
  rake: 
    group: 
    - :default
    version: ">= 0"
  escape: 
    group: 
    - :default
    version: ">= 0.0.4"
  rspec: 
    group: 
    - :test
    version: ">= 0"
    require: 
    - spec
  json: 
    group: 
    - :default
    version: ">= 0"
specs: 
- rake: 
    version: 0.8.7
- escape: 
    version: 0.0.4
- json: 
    version: 1.4.3
- rspec: 
    version: 1.3.0
hash: cead03d61c514bbcd560569dff1b5a01f03d791d
sources: 
- Rubygems: 
    uri: http://gemcutter.org
